{
    "name": "koa-demo",
    "version": "0.0.1",
    "lockfileVersion": 1,
    "dependencies": {
        "accepts": {
            "version": "1.0.7",
            "resolved": "http://registry.npm.taobao.org/accepts/download/accepts-1.0.7.tgz",
            "integrity": "sha1-W1AftPBwQwmWTM2wSBclQSCNqxo="
        },
        "amdefine": {
            "version": "1.0.1",
            "resolved": "http://registry.npm.taobao.org/amdefine/download/amdefine-1.0.1.tgz",
            "integrity": "sha1-SlKCrBZHKek2Gbz9OtFR+BfOkfU="
        },
        "async": {
            "version": "0.2.10",
            "resolved": "http://registry.npm.taobao.org/async/download/async-0.2.10.tgz",
            "integrity": "sha1-trvgsGdLnXGXCMo43owjfLUmw9E="
        },
        "base64-url": {
            "version": "1.2.0",
            "resolved": "http://registry.npm.taobao.org/base64-url/download/base64-url-1.2.0.tgz",
            "integrity": "sha1-WxDbOkByCg1G0z0ZVLyVwsi5eRc="
        },
        "bson": {
            "version": "0.2.22",
            "resolved": "http://registry.npm.taobao.org/bson/download/bson-0.2.22.tgz",
            "integrity": "sha1-/NoQPybQwHTVpS1Qkn24D9ArSzk="
        },
        "bytes": {
            "version": "1.0.0",
            "resolved": "http://registry.npm.taobao.org/bytes/download/bytes-1.0.0.tgz",
            "integrity": "sha1-NWnt6Lo0MV+rmcPpLLBMciDeH6g="
        },
        "camelcase": {
            "version": "1.2.1",
            "resolved": "http://registry.npm.taobao.org/camelcase/download/camelcase-1.2.1.tgz",
            "integrity": "sha1-m7UwTS4LVmmLLHWLCKPqqdqlijk="
        },
        "co": {
            "version": "3.1.0",
            "resolved": "http://registry.npm.taobao.org/co/download/co-3.1.0.tgz",
            "integrity": "sha1-TqVOpaCJOBUxheFSEMaNkJK8G3g="
        },
        "co-assert-timeout": {
            "version": "0.0.5",
            "resolved": "http://registry.npm.taobao.org/co-assert-timeout/download/co-assert-timeout-0.0.5.tgz",
            "integrity": "sha1-0uUEXfup0aQV2FHWqu7HUUttE98="
        },
        "co-body": {
            "version": "1.0.0",
            "resolved": "http://registry.npm.taobao.org/co-body/download/co-body-1.0.0.tgz",
            "integrity": "sha1-2rbDdwgFIn1MM3MA/yBeip5TPmU="
        },
        "co-readall": {
            "version": "0.0.1",
            "resolved": "http://registry.npm.taobao.org/co-readall/download/co-readall-0.0.1.tgz",
            "integrity": "sha1-NYSnntKZqymrfnYPsOoEBY2fjxk="
        },
        "co-urllib": {
            "version": "0.2.3",
            "resolved": "http://registry.npm.taobao.org/co-urllib/download/co-urllib-0.2.3.tgz",
            "integrity": "sha1-3evunRRRcVuemh4dwL3BkzTxWrs=",
            "dependencies": {
                "debug": {
                    "version": "0.8.1",
                    "resolved": "http://registry.npm.taobao.org/debug/download/debug-0.8.1.tgz",
                    "integrity": "sha1-IP9NJvXkIstoobrLu2EDmtjBwTA="
                }
            }
        },
        "co-wrapper": {
            "version": "0.0.2",
            "resolved": "http://registry.npm.taobao.org/co-wrapper/download/co-wrapper-0.0.2.tgz",
            "integrity": "sha1-hRcUDgsGGjcJtq18Uvv6aOW6xxg="
        },
        "coffee-script": {
            "version": "1.12.6",
            "resolved": "http://registry.npm.taobao.org/coffee-script/download/coffee-script-1.12.6.tgz",
            "integrity": "sha1-KFo/cRVokGUGTWv570Vy22ZpXL8="
        },
        "combined-stream": {
            "version": "0.0.7",
            "resolved": "http://registry.npm.taobao.org/combined-stream/download/combined-stream-0.0.7.tgz",
            "integrity": "sha1-ATfmV7qlp1QcV6w3rF/AfXO03B8=",
            "dev": true
        },
        "commander": {
            "version": "2.3.0",
            "resolved": "http://registry.npm.taobao.org/commander/download/commander-2.3.0.tgz",
            "integrity": "sha1-/UMOiJgy7DU7ms0d4hfBHLPu+HM=",
            "dev": true
        },
        "component-emitter": {
            "version": "1.1.2",
            "resolved": "http://registry.npm.taobao.org/component-emitter/download/component-emitter-1.1.2.tgz",
            "integrity": "sha1-KWWU8nU9qmOZbSrwjRWpURbJrsM=",
            "dev": true
        },
        "compressible": {
            "version": "1.1.1",
            "resolved": "http://registry.npm.taobao.org/compressible/download/compressible-1.1.1.tgz",
            "integrity": "sha1-I7ceqQ6mxqZiiXAakYGCwk0HKe8="
        },
        "cookiejar": {
            "version": "1.3.2",
            "resolved": "http://registry.npm.taobao.org/cookiejar/download/cookiejar-1.3.2.tgz",
            "integrity": "sha1-YdMini2iDIWQMiM1ApWKm331gkk=",
            "dev": true
        },
        "cookies": {
            "version": "0.4.1",
            "resolved": "http://registry.npm.taobao.org/cookies/download/cookies-0.4.1.tgz",
            "integrity": "sha1-fUO9AFg8mFrMAyJYuXmIt9A7Yp4="
        },
        "copy-to": {
            "version": "2.0.1",
            "resolved": "http://registry.npm.taobao.org/copy-to/download/copy-to-2.0.1.tgz",
            "integrity": "sha1-JoD7uAaKSNCGVrYJgJK9r8kG9KU="
        },
        "core-util-is": {
            "version": "1.0.2",
            "resolved": "http://registry.npm.taobao.org/core-util-is/download/core-util-is-1.0.2.tgz",
            "integrity": "sha1-tf1UIgqivFq1eqtxQMlAdUUDwac="
        },
        "crc": {
            "version": "3.2.1",
            "resolved": "http://registry.npm.taobao.org/crc/download/crc-3.2.1.tgz",
            "integrity": "sha1-XZyPt3okXNXsopHl0tAFM0urAII="
        },
        "debug": {
            "version": "2.0.0",
            "resolved": "http://registry.npm.taobao.org/debug/download/debug-2.0.0.tgz",
            "integrity": "sha1-ib2d9nMrUSVrxnBTQrugLtEhMe8="
        },
        "decamelize": {
            "version": "1.2.0",
            "resolved": "http://registry.npm.taobao.org/decamelize/download/decamelize-1.2.0.tgz",
            "integrity": "sha1-9lNNFRSCabIDUue+4m9QH5oZEpA="
        },
        "default-user-agent": {
            "version": "0.0.1",
            "resolved": "http://registry.npm.taobao.org/default-user-agent/download/default-user-agent-0.0.1.tgz",
            "integrity": "sha1-r7EkxYraBjX0720MFd2QZVUJirE="
        },
        "delayed-stream": {
            "version": "0.0.5",
            "resolved": "http://registry.npm.taobao.org/delayed-stream/download/delayed-stream-0.0.5.tgz",
            "integrity": "sha1-1LH0OpPoKW3+AmlPRoC8N6MTxz8=",
            "dev": true
        },
        "delegates": {
            "version": "0.0.3",
            "resolved": "http://registry.npm.taobao.org/delegates/download/delegates-0.0.3.tgz",
            "integrity": "sha1-TyXL+OHAYZZ/g04APzvRje1Lruo="
        },
        "dethroy": {
            "version": "1.0.2",
            "resolved": "http://registry.npm.taobao.org/dethroy/download/dethroy-1.0.2.tgz",
            "integrity": "sha1-yCADMXaT3LzaP3UrAYLjvxbdRCE="
        },
        "diff": {
            "version": "1.0.8",
            "resolved": "http://registry.npm.taobao.org/diff/download/diff-1.0.8.tgz",
            "integrity": "sha1-NDJ2MI7Jkbe8giZ+1VvBQR+XFmY=",
            "dev": true
        },
        "error-formatter": {
            "version": "1.0.5",
            "resolved": "http://registry.npm.taobao.org/error-formatter/download/error-formatter-1.0.5.tgz",
            "integrity": "sha1-dmRZq97mBhlaWJ3Yf0ekE3KWXRA="
        },
        "error-inject": {
            "version": "1.0.0",
            "resolved": "http://registry.npm.taobao.org/error-inject/download/error-inject-1.0.0.tgz",
            "integrity": "sha1-4rPZG1Su1nLzCdlQ0VSFD6EdTzc="
        },
        "escape-html": {
            "version": "1.0.3",
            "resolved": "http://registry.npm.taobao.org/escape-html/download/escape-html-1.0.3.tgz",
            "integrity": "sha1-Aljq5NPQwJdN4cFpGI7wBR0dGYg="
        },
        "escape-string-regexp": {
            "version": "1.0.2",
            "resolved": "http://registry.npm.taobao.org/escape-string-regexp/download/escape-string-regexp-1.0.2.tgz",
            "integrity": "sha1-Tbwv5nTnGUnK8/smlc5/LcHZqNE=",
            "dev": true
        },
        "extend": {
            "version": "1.2.1",
            "resolved": "http://registry.npm.taobao.org/extend/download/extend-1.2.1.tgz",
            "integrity": "sha1-oPX9bPyDpf5J72mNYOyKYk3UV2w=",
            "dev": true
        },
        "finished": {
            "version": "1.1.4",
            "resolved": "http://registry.npm.taobao.org/finished/download/finished-1.1.4.tgz",
            "integrity": "sha1-Tbn+IPkgvMwucSb/qEF1yPystdk="
        },
        "form-data": {
            "version": "0.1.2",
            "resolved": "http://registry.npm.taobao.org/form-data/download/form-data-0.1.2.tgz",
            "integrity": "sha1-EUPCE1eRGnjdeROxibS6tdXVdEU=",
            "dev": true,
            "dependencies": {
                "mime": {
                    "version": "1.2.11",
                    "resolved": "http://registry.npm.taobao.org/mime/download/mime-1.2.11.tgz",
                    "integrity": "sha1-WCA+7Ybjpe8XrtK32evUfwpg3RA=",
                    "dev": true
                }
            }
        },
        "formidable": {
            "version": "1.0.14",
            "resolved": "http://registry.npm.taobao.org/formidable/download/formidable-1.0.14.tgz",
            "integrity": "sha1-Kz9MQRy7X91pXESEPiojUUpDIxo=",
            "dev": true
        },
        "fresh": {
            "version": "0.2.4",
            "resolved": "http://registry.npm.taobao.org/fresh/download/fresh-0.2.4.tgz",
            "integrity": "sha1-NYJJkgbJcjcUGQ7ddLRgT+tKYUw="
        },
        "fs-readdir-recursive": {
            "version": "1.0.0",
            "resolved": "http://registry.npm.taobao.org/fs-readdir-recursive/download/fs-readdir-recursive-1.0.0.tgz",
            "integrity": "sha1-jNF0XItPiinIyuw5JHaSG6GV9WA="
        },
        "generator-supported": {
            "version": "0.0.1",
            "resolved": "http://registry.npm.taobao.org/generator-supported/download/generator-supported-0.0.1.tgz",
            "integrity": "sha1-kivSIBpsONj6y4FdWT2KA8iYwpk="
        },
        "generic-pool": {
            "version": "2.5.4",
            "resolved": "http://registry.npm.taobao.org/generic-pool/download/generic-pool-2.5.4.tgz",
            "integrity": "sha1-OMYYhRPhQDCUjsblz2VSPZd5KZs="
        },
        "glob": {
            "version": "3.2.3",
            "resolved": "http://registry.npm.taobao.org/glob/download/glob-3.2.3.tgz",
            "integrity": "sha1-4xPusknHr/qlxHUoaw4RW1mDlGc=",
            "dev": true
        },
        "graceful-fs": {
            "version": "2.0.3",
            "resolved": "http://registry.npm.taobao.org/graceful-fs/download/graceful-fs-2.0.3.tgz",
            "integrity": "sha1-fNLNsiiko/Nule+mzBQt59GhNtA=",
            "dev": true
        },
        "growl": {
            "version": "1.8.1",
            "resolved": "http://registry.npm.taobao.org/growl/download/growl-1.8.1.tgz",
            "integrity": "sha1-Sy3sjZB+k9szZiTc7AGDUC+MlCg=",
            "dev": true
        },
        "iconv-lite": {
            "version": "0.4.17",
            "resolved": "http://registry.npm.taobao.org/iconv-lite/download/iconv-lite-0.4.17.tgz",
            "integrity": "sha1-T9qjs4rLwsAxsEXQ7c3+HsqxjI0="
        },
        "inherits": {
            "version": "2.0.3",
            "resolved": "http://registry.npm.taobao.org/inherits/download/inherits-2.0.3.tgz",
            "integrity": "sha1-Yzwsg+PaQqUC9SRmAiSA9CCCYd4="
        },
        "isarray": {
            "version": "1.0.0",
            "resolved": "http://registry.npm.taobao.org/isarray/download/isarray-1.0.0.tgz",
            "integrity": "sha1-u5NdSFgsuhaMBoNJV6VKPgcSTxE=",
            "optional": true
        },
        "jade": {
            "version": "0.26.3",
            "resolved": "http://registry.npm.taobao.org/jade/download/jade-0.26.3.tgz",
            "integrity": "sha1-jxDXl32NefL2/4YqgbBRPMslaGw=",
            "dev": true,
            "dependencies": {
                "commander": {
                    "version": "0.6.1",
                    "resolved": "http://registry.npm.taobao.org/commander/download/commander-0.6.1.tgz",
                    "integrity": "sha1-+mihT2qUXVTbvlDYzbMyDp47GgY=",
                    "dev": true
                },
                "mkdirp": {
                    "version": "0.3.0",
                    "resolved": "http://registry.npm.taobao.org/mkdirp/download/mkdirp-0.3.0.tgz",
                    "integrity": "sha1-G79asbqCevI1dRQ0kEJkVfSB/h4=",
                    "dev": true
                }
            }
        },
        "jistype": {
            "version": "0.1.0",
            "resolved": "http://registry.npm.taobao.org/jistype/download/jistype-0.1.0.tgz",
            "integrity": "sha1-upYdAb5WIFM2WozgE4TYDE1HQrA="
        },
        "kerberos": {
            "version": "0.0.11",
            "resolved": "http://registry.npm.taobao.org/kerberos/download/kerberos-0.0.11.tgz",
            "integrity": "sha1-yymJHCHCKsGV8xQLl90SIE/qfcI=",
            "optional": true
        },
        "keygrip": {
            "version": "1.0.1",
            "resolved": "http://registry.npm.taobao.org/keygrip/download/keygrip-1.0.1.tgz",
            "integrity": "sha1-sC+kgW7vIajEs1yp5Skh/8iaMOk="
        },
        "koa": {
            "version": "0.6.0",
            "resolved": "http://registry.npm.taobao.org/koa/download/koa-0.6.0.tgz",
            "integrity": "sha1-/9z4P99o+m+8sRN58IpRC0rZzxY=",
            "dependencies": {
                "co": {
                    "version": "3.0.6",
                    "resolved": "http://registry.npm.taobao.org/co/download/co-3.0.6.tgz",
                    "integrity": "sha1-FEXyJsXrlWE45oyawwFn6n0ua9o="
                }
            }
        },
        "koa-bodyparser": {
            "version": "1.3.0",
            "resolved": "http://registry.npm.taobao.org/koa-bodyparser/download/koa-bodyparser-1.3.0.tgz",
            "integrity": "sha1-JIgFXUz6++ax86r7cQiW/e50Z14="
        },
        "koa-compose": {
            "version": "2.2.0",
            "resolved": "http://registry.npm.taobao.org/koa-compose/download/koa-compose-2.2.0.tgz",
            "integrity": "sha1-tK/IyEMjE+lDcIriz12nDFxcWpQ="
        },
        "koa-compress": {
            "version": "1.0.6",
            "resolved": "http://registry.npm.taobao.org/koa-compress/download/koa-compress-1.0.6.tgz",
            "integrity": "sha1-mReHJTDgwOYgzYo6Fakp8hqLdtw=",
            "dependencies": {
                "bytes": {
                    "version": "0.3.0",
                    "resolved": "http://registry.npm.taobao.org/bytes/download/bytes-0.3.0.tgz",
                    "integrity": "sha1-eOLg4ox/nHuYjqiu4NtNX6mUGTU="
                }
            }
        },
        "koa-generic-session": {
            "version": "1.6.0",
            "resolved": "http://registry.npm.taobao.org/koa-generic-session/download/koa-generic-session-1.6.0.tgz",
            "integrity": "sha1-ljlw64RfEMQwXiEk5BgyuLgK8b0="
        },
        "koa-generic-session-mongo": {
            "version": "0.1.1",
            "resolved": "http://registry.npm.taobao.org/koa-generic-session-mongo/download/koa-generic-session-mongo-0.1.1.tgz",
            "integrity": "sha1-Bc5sxmv7RDmTWO7+uNoslQmPveI="
        },
        "koa-is-json": {
            "version": "1.0.0",
            "resolved": "http://registry.npm.taobao.org/koa-is-json/download/koa-is-json-1.0.0.tgz",
            "integrity": "sha1-JzwH7c3Ljfaiwat9We52SRRR7BQ="
        },
        "koa-mongo": {
            "version": "0.2.0",
            "resolved": "http://registry.npm.taobao.org/koa-mongo/download/koa-mongo-0.2.0.tgz",
            "integrity": "sha1-wnW+nMOqFJ4OS12ZwbWXp9N0bTo=",
            "dependencies": {
                "debug": {
                    "version": "1.0.4",
                    "resolved": "http://registry.npm.taobao.org/debug/download/debug-1.0.4.tgz",
                    "integrity": "sha1-W5wla9VLbsAigxdvqKDt5tFUy/g="
                }
            }
        },
        "koa-onerror": {
            "version": "1.2.0",
            "resolved": "http://registry.npm.taobao.org/koa-onerror/download/koa-onerror-1.2.0.tgz",
            "integrity": "sha1-Co15AHcam0KlB/NpCZjfkucsa/s=",
            "dependencies": {
                "copy-to": {
                    "version": "1.0.1",
                    "resolved": "http://registry.npm.taobao.org/copy-to/download/copy-to-1.0.1.tgz",
                    "integrity": "sha1-CA4l4oIGopBGM1FngazKRe+wgco="
                }
            }
        },
        "koa-router": {
            "version": "3.4.0",
            "resolved": "http://registry.npm.taobao.org/koa-router/download/koa-router-3.4.0.tgz",
            "integrity": "sha1-CcN6/HKJGNmc+O64y66hr8aDyJQ=",
            "dependencies": {
                "koa-compose": {
                    "version": "2.5.1",
                    "resolved": "http://registry.npm.taobao.org/koa-compose/download/koa-compose-2.5.1.tgz",
                    "integrity": "sha1-cmz7F2lN5cufvwPArfFyMD+D8VY="
                }
            }
        },
        "koa-static-cache": {
            "version": "1.2.0",
            "resolved": "http://registry.npm.taobao.org/koa-static-cache/download/koa-static-cache-1.2.0.tgz",
            "integrity": "sha1-UsvMQfvqYJJjOmKyOJ/QJuHtlW8=",
            "dependencies": {
                "compressible": {
                    "version": "2.0.10",
                    "resolved": "http://registry.npm.taobao.org/compressible/download/compressible-2.0.10.tgz",
                    "integrity": "sha1-/tocf3YXkScyspv4zyYlKiC57s0="
                },
                "mime-types": {
                    "version": "2.0.14",
                    "resolved": "http://registry.npm.taobao.org/mime-types/download/mime-types-2.0.14.tgz",
                    "integrity": "sha1-MQ4VnbI+B3+Lsit0jav6SVcUCqY=",
                    "dependencies": {
                        "mime-db": {
                            "version": "1.12.0",
                            "resolved": "http://registry.npm.taobao.org/mime-db/download/mime-db-1.12.0.tgz",
                            "integrity": "sha1-PQxjGA9FjrENMlqqN9fFiuMS6dc="
                        }
                    }
                }
            }
        },
        "koa-validator": {
            "version": "0.6.3",
            "resolved": "http://registry.npm.taobao.org/koa-validator/download/koa-validator-0.6.3.tgz",
            "integrity": "sha1-QPd06HF5svEhqBYtiy+eqEfywfE="
        },
        "logfilestream": {
            "version": "1.0.2",
            "resolved": "http://registry.npm.taobao.org/logfilestream/download/logfilestream-1.0.2.tgz",
            "integrity": "sha1-+T65okKYM/Bl0RDGi0ltvnmZplg="
        },
        "lru-cache": {
            "version": "2.5.0",
            "resolved": "http://registry.npm.taobao.org/lru-cache/download/lru-cache-2.5.0.tgz",
            "integrity": "sha1-2COIrpyWC+y+oMc7uet5tsbOmus="
        },
        "methods": {
            "version": "1.1.2",
            "resolved": "http://registry.npm.taobao.org/methods/download/methods-1.1.2.tgz",
            "integrity": "sha1-VSmk1nZUE07cxSZmVoNbD4Ua/O4="
        },
        "mime": {
            "version": "1.3.6",
            "resolved": "http://registry.npm.taobao.org/mime/download/mime-1.3.6.tgz",
            "integrity": "sha1-WR2E02U6awtKO5343lqoEI5y5eA="
        },
        "mime-db": {
            "version": "1.28.0",
            "resolved": "http://registry.npm.taobao.org/mime-db/download/mime-db-1.28.0.tgz",
            "integrity": "sha1-/t00m+BtKGW3/FfYN8beTxfXrDw="
        },
        "mime-types": {
            "version": "1.0.2",
            "resolved": "http://registry.npm.taobao.org/mime-types/download/mime-types-1.0.2.tgz",
            "integrity": "sha1-mVrhOSq4r/y/yyZB3QVOlDwNXc4="
        },
        "mini-logger": {
            "version": "1.0.0",
            "resolved": "http://registry.npm.taobao.org/mini-logger/download/mini-logger-1.0.0.tgz",
            "integrity": "sha1-yeMn/0mL/FCP72eIk60RQ78luDs=",
            "dependencies": {
                "copy-to": {
                    "version": "1.0.1",
                    "resolved": "http://registry.npm.taobao.org/copy-to/download/copy-to-1.0.1.tgz",
                    "integrity": "sha1-CA4l4oIGopBGM1FngazKRe+wgco="
                }
            }
        },
        "minimatch": {
            "version": "0.2.14",
            "resolved": "http://registry.npm.taobao.org/minimatch/download/minimatch-0.2.14.tgz",
            "integrity": "sha1-x054BXT2PG+aCQ6Q775u9TpqdWo=",
            "dev": true
        },
        "minimist": {
            "version": "0.0.10",
            "resolved": "http://registry.npm.taobao.org/minimist/download/minimist-0.0.10.tgz",
            "integrity": "sha1-3j+YVD2/lggr5IrRoMfNqDYwHc8="
        },
        "mkdirp": {
            "version": "0.5.1",
            "resolved": "http://registry.npm.taobao.org/mkdirp/download/mkdirp-0.5.1.tgz",
            "integrity": "sha1-MAV0OOrGz3+MR2fzhkjWaX11yQM=",
            "dependencies": {
                "minimist": {
                    "version": "0.0.8",
                    "resolved": "http://registry.npm.taobao.org/minimist/download/minimist-0.0.8.tgz",
                    "integrity": "sha1-hX/Kv8M5fSYluCKCYuhqp6ARsF0="
                }
            }
        },
        "mocha": {
            "version": "1.21.5",
            "resolved": "http://registry.npm.taobao.org/mocha/download/mocha-1.21.5.tgz",
            "integrity": "sha1-fFiwkXTfl25DSiOx6NY5hz/FKek=",
            "dev": true,
            "dependencies": {
                "minimist": {
                    "version": "0.0.8",
                    "resolved": "http://registry.npm.taobao.org/minimist/download/minimist-0.0.8.tgz",
                    "integrity": "sha1-hX/Kv8M5fSYluCKCYuhqp6ARsF0=",
                    "dev": true
                },
                "mkdirp": {
                    "version": "0.5.0",
                    "resolved": "http://registry.npm.taobao.org/mkdirp/download/mkdirp-0.5.0.tgz",
                    "integrity": "sha1-HXMHam35hs2TROFecfzAWkyavxI=",
                    "dev": true
                }
            }
        },
        "moment": {
            "version": "2.18.1",
            "resolved": "http://registry.npm.taobao.org/moment/download/moment-2.18.1.tgz",
            "integrity": "sha1-w2GT3Tzhwu7SrbfIAtu8d6gbHA8="
        },
        "mongodb": {
            "version": "1.4.40",
            "resolved": "http://registry.npm.taobao.org/mongodb/download/mongodb-1.4.40.tgz",
            "integrity": "sha1-z9gLdP3w+gU/LM+19JxHyjKjjvs="
        },
        "ms": {
            "version": "0.6.2",
            "resolved": "http://registry.npm.taobao.org/ms/download/ms-0.6.2.tgz",
            "integrity": "sha1-2JwhJMb9wTU9Zai3e/GqxLGTcIw="
        },
        "nan": {
            "version": "1.8.4",
            "resolved": "http://registry.npm.taobao.org/nan/download/nan-1.8.4.tgz",
            "integrity": "sha1-PHa1OC6rM+RLdY0oE8qdkuk0LzQ="
        },
        "native-or-bluebird": {
            "version": "1.1.2",
            "resolved": "http://registry.npm.taobao.org/native-or-bluebird/download/native-or-bluebird-1.1.2.tgz",
            "integrity": "sha1-OSHhECMtHreQ89rGG7NwUxx9NW4="
        },
        "negotiator": {
            "version": "0.4.7",
            "resolved": "http://registry.npm.taobao.org/negotiator/download/negotiator-0.4.7.tgz",
            "integrity": "sha1-pBYPcXfsgGc4Yx0NMFIyXaQqvcg="
        },
        "only": {
            "version": "0.0.2",
            "resolved": "http://registry.npm.taobao.org/only/download/only-0.0.2.tgz",
            "integrity": "sha1-Kv3oTQPlC5qO3EROMGEKcCle37Q="
        },
        "optimist": {
            "version": "0.6.1",
            "resolved": "http://registry.npm.taobao.org/optimist/download/optimist-0.6.1.tgz",
            "integrity": "sha1-2j6nRob6IaGaERwybpDrFaAZZoY="
        },
        "parseurl": {
            "version": "1.3.1",
            "resolved": "http://registry.npm.taobao.org/parseurl/download/parseurl-1.3.1.tgz",
            "integrity": "sha1-yKuMkiO6NIiKpkopeyiFO+wY2lY="
        },
        "path-to-regexp": {
            "version": "1.7.0",
            "resolved": "http://registry.npm.taobao.org/path-to-regexp/download/path-to-regexp-1.7.0.tgz",
            "integrity": "sha1-Wf3g9DW62suhA6hOnTvGTpa5k30=",
            "dependencies": {
                "isarray": {
                    "version": "0.0.1",
                    "resolved": "http://registry.npm.taobao.org/isarray/download/isarray-0.0.1.tgz",
                    "integrity": "sha1-ihis/Kmo9Bd+Cav8YDiTmwXR7t8="
                }
            }
        },
        "process-nextick-args": {
            "version": "1.0.7",
            "resolved": "http://registry.npm.taobao.org/process-nextick-args/download/process-nextick-args-1.0.7.tgz",
            "integrity": "sha1-FQ4gt1ZZCtP5EJPyWk8q2L/zC6M=",
            "optional": true
        },
        "qs": {
            "version": "1.0.2",
            "resolved": "http://registry.npm.taobao.org/qs/download/qs-1.0.2.tgz",
            "integrity": "sha1-UKk+K1r2aRwxvOpdrnjubqGQN2g="
        },
        "raw-body": {
            "version": "1.1.7",
            "resolved": "http://registry.npm.taobao.org/raw-body/download/raw-body-1.1.7.tgz",
            "integrity": "sha1-HQJ8K/oRasxmI7yo8AAWVyqH1CU="
        },
        "readable-stream": {
            "version": "2.2.11",
            "resolved": "http://registry.npm.taobao.org/readable-stream/download/readable-stream-2.2.11.tgz",
            "integrity": "sha1-B5azH412iAB/8Lk6gIjTSqF8D3I=",
            "optional": true,
            "dependencies": {
                "string_decoder": {
                    "version": "1.0.2",
                    "resolved": "http://registry.npm.taobao.org/string_decoder/download/string_decoder-1.0.2.tgz",
                    "integrity": "sha1-sp4fThEl+pehA4K4pTNze3SR4Xk=",
                    "optional": true
                }
            }
        },
        "readall": {
            "version": "1.0.0",
            "resolved": "http://registry.npm.taobao.org/readall/download/readall-1.0.0.tgz",
            "integrity": "sha1-i0v8QS5ofb+7AOCm7efjoPABt8c=",
            "dependencies": {
                "debug": {
                    "version": "0.7.4",
                    "resolved": "http://registry.npm.taobao.org/debug/download/debug-0.7.4.tgz",
                    "integrity": "sha1-BuHqgILCyxTjmAbiLi9vdX+Srzk="
                }
            }
        },
        "reduce-component": {
            "version": "1.0.1",
            "resolved": "http://registry.npm.taobao.org/reduce-component/download/reduce-component-1.0.1.tgz",
            "integrity": "sha1-4Mk1QsV0UhvqE98PlIjtgqt3xdo=",
            "dev": true
        },
        "safe-buffer": {
            "version": "5.0.1",
            "resolved": "http://registry.npm.taobao.org/safe-buffer/download/safe-buffer-5.0.1.tgz",
            "integrity": "sha1-0mPKVGls2KMGtcplUekt5XkY++c="
        },
        "sdk-base": {
            "version": "1.0.1",
            "resolved": "http://registry.npm.taobao.org/sdk-base/download/sdk-base-1.0.1.tgz",
            "integrity": "sha1-XVr1zkme6+Z33+b4oxKOhYLZunk="
        },
        "set-type": {
            "version": "1.0.1",
            "resolved": "http://registry.npm.taobao.org/set-type/download/set-type-1.0.1.tgz",
            "integrity": "sha1-02XcBw3rnYue0tJA8/as4BqIKA0="
        },
        "should": {
            "version": "3.3.2",
            "resolved": "http://registry.npm.taobao.org/should/download/should-3.3.2.tgz",
            "integrity": "sha1-yIPdQJtTu98bVewNj8OGXysofmQ=",
            "dev": true
        },
        "sigmund": {
            "version": "1.0.1",
            "resolved": "http://registry.npm.taobao.org/sigmund/download/sigmund-1.0.1.tgz",
            "integrity": "sha1-P/IfGYytIXX587eBhT/ZTQ0ZtZA=",
            "dev": true
        },
        "source-map": {
            "version": "0.1.34",
            "resolved": "http://registry.npm.taobao.org/source-map/download/source-map-0.1.34.tgz",
            "integrity": "sha1-p8/omux7FoLDsZjQrPtH19CQVms="
        },
        "statuses": {
            "version": "1.0.4",
            "resolved": "http://registry.npm.taobao.org/statuses/download/statuses-1.0.4.tgz",
            "integrity": "sha1-qLID9kXPR1pmQm9r5pAgXIXz690="
        },
        "string_decoder": {
            "version": "0.10.31",
            "resolved": "http://registry.npm.taobao.org/string_decoder/download/string_decoder-0.10.31.tgz",
            "integrity": "sha1-YuIDvEF2bGwoyfyEMB2rHFMQ+pQ="
        },
        "superagent": {
            "version": "0.18.0",
            "resolved": "http://registry.npm.taobao.org/superagent/download/superagent-0.18.0.tgz",
            "integrity": "sha1-nUN1o64sT71V/SDVsSokcNL8j2I=",
            "dev": true,
            "dependencies": {
                "debug": {
                    "version": "0.7.4",
                    "resolved": "http://registry.npm.taobao.org/debug/download/debug-0.7.4.tgz",
                    "integrity": "sha1-BuHqgILCyxTjmAbiLi9vdX+Srzk=",
                    "dev": true
                },
                "isarray": {
                    "version": "0.0.1",
                    "resolved": "http://registry.npm.taobao.org/isarray/download/isarray-0.0.1.tgz",
                    "integrity": "sha1-ihis/Kmo9Bd+Cav8YDiTmwXR7t8=",
                    "dev": true
                },
                "methods": {
                    "version": "0.0.1",
                    "resolved": "http://registry.npm.taobao.org/methods/download/methods-0.0.1.tgz",
                    "integrity": "sha1-J3yQ+L7zlwlkWoNxxRw7bGSOBow=",
                    "dev": true
                },
                "mime": {
                    "version": "1.2.5",
                    "resolved": "http://registry.npm.taobao.org/mime/download/mime-1.2.5.tgz",
                    "integrity": "sha1-nu0HMCKov14WyFZsaGe4gyv7+hM=",
                    "dev": true
                },
                "qs": {
                    "version": "0.6.6",
                    "resolved": "http://registry.npm.taobao.org/qs/download/qs-0.6.6.tgz",
                    "integrity": "sha1-bgFQmP9RlouKPIGQAdXyyJvEsQc=",
                    "dev": true
                },
                "readable-stream": {
                    "version": "1.0.27-1",
                    "resolved": "http://registry.npm.taobao.org/readable-stream/download/readable-stream-1.0.27-1.tgz",
                    "integrity": "sha1-a2eYPCA1fO/QfwFlABoW1xDZEHg=",
                    "dev": true
                }
            }
        },
        "supertest": {
            "version": "0.12.1",
            "resolved": "http://registry.npm.taobao.org/supertest/download/supertest-0.12.1.tgz",
            "integrity": "sha1-Aqu8vs8UiDhnSXExi+QCGyX6GIE=",
            "dev": true,
            "dependencies": {
                "methods": {
                    "version": "1.0.0",
                    "resolved": "http://registry.npm.taobao.org/methods/download/methods-1.0.0.tgz",
                    "integrity": "sha1-mnPYY3XfzvJu9hyj5Lii4lOKgOM=",
                    "dev": true
                }
            }
        },
        "swig": {
            "version": "1.4.2",
            "resolved": "http://registry.npm.taobao.org/swig/download/swig-1.4.2.tgz",
            "integrity": "sha1-QIXKBFM2kQS11IPihBs5t64aq6U="
        },
        "thunkify": {
            "version": "2.1.2",
            "resolved": "http://registry.npm.taobao.org/thunkify/download/thunkify-2.1.2.tgz",
            "integrity": "sha1-+qDp0jDFGsyVyhOjYawFyn4EVT0="
        },
        "type-is": {
            "version": "1.1.0",
            "resolved": "http://registry.npm.taobao.org/type-is/download/type-is-1.1.0.tgz",
            "integrity": "sha1-0CReyLJnZmjVndDPMlUGBnalfbY=",
            "dependencies": {
                "mime": {
                    "version": "1.2.11",
                    "resolved": "http://registry.npm.taobao.org/mime/download/mime-1.2.11.tgz",
                    "integrity": "sha1-WCA+7Ybjpe8XrtK32evUfwpg3RA="
                }
            }
        },
        "uglify-js": {
            "version": "2.4.24",
            "resolved": "http://registry.npm.taobao.org/uglify-js/download/uglify-js-2.4.24.tgz",
            "integrity": "sha1-+tV1XB4Vd2WLsG/5q25UjJW+vW4="
        },
        "uglify-to-browserify": {
            "version": "1.0.2",
            "resolved": "http://registry.npm.taobao.org/uglify-to-browserify/download/uglify-to-browserify-1.0.2.tgz",
            "integrity": "sha1-bgkk1r2mta/jSeOabWMoUKD4grc="
        },
        "uid-safe": {
            "version": "1.0.3",
            "resolved": "http://registry.npm.taobao.org/uid-safe/download/uid-safe-1.0.3.tgz",
            "integrity": "sha1-KQr+PsbQ0oxBsHaOjecq8iUV0cc="
        },
        "underscore": {
            "version": "1.7.0",
            "resolved": "http://registry.npm.taobao.org/underscore/download/underscore-1.7.0.tgz",
            "integrity": "sha1-a7rwh3UA02vjTsqlhODbn+8DUgk="
        },
        "util-deprecate": {
            "version": "1.0.2",
            "resolved": "http://registry.npm.taobao.org/util-deprecate/download/util-deprecate-1.0.2.tgz",
            "integrity": "sha1-RQ1Nyfpw3nMnYvvS1KKJgUGaDM8=",
            "optional": true
        },
        "utility": {
            "version": "1.12.0",
            "resolved": "http://registry.npm.taobao.org/utility/download/utility-1.12.0.tgz",
            "integrity": "sha1-vWkweGOjiE7liCElEhW5hy+4QFg="
        },
        "validator": {
            "version": "3.43.0",
            "resolved": "http://registry.npm.taobao.org/validator/download/validator-3.43.0.tgz",
            "integrity": "sha1-lkZLmS1BloM9l6GUv0Cxn/VLrgU="
        },
        "window-size": {
            "version": "0.1.0",
            "resolved": "http://registry.npm.taobao.org/window-size/download/window-size-0.1.0.tgz",
            "integrity": "sha1-VDjNLqk7IC76Ohn+iIeu58lPnJ0="
        },
        "wordwrap": {
            "version": "0.0.3",
            "resolved": "http://registry.npm.taobao.org/wordwrap/download/wordwrap-0.0.3.tgz",
            "integrity": "sha1-o9XabNXAvAAI03I0u68b7WMFkQc="
        },
        "xtemplate": {
            "version": "4.2.4",
            "resolved": "http://registry.npm.taobao.org/xtemplate/download/xtemplate-4.2.4.tgz",
            "integrity": "sha1-1MqJjc/hJ6H8AwU830pJDAV+9kY="
        },
        "xtpl": {
            "version": "3.1.9",
            "resolved": "http://registry.npm.taobao.org/xtpl/download/xtpl-3.1.9.tgz",
            "integrity": "sha1-SMNVRDSoud5d1sRKmADt5/XcL6k="
        },
        "yargs": {
            "version": "3.5.4",
            "resolved": "http://registry.npm.taobao.org/yargs/download/yargs-3.5.4.tgz",
            "integrity": "sha1-2K/49mXpTDS9JZvevRv68N3TU2E=",
            "dependencies": {
                "wordwrap": {
                    "version": "0.0.2",
                    "resolved": "http://registry.npm.taobao.org/wordwrap/download/wordwrap-0.0.2.tgz",
                    "integrity": "sha1-t5Zpu0LstAn4PVg8rVLKF+qhZD8="
                }
            }
        }
    }
}
